
Microsoft Visual Studio Solution File, Format Version 12.00
# Visual Studio Version 17
VisualStudioVersion = 17.5.33627.172
MinimumVisualStudioVersion = 10.0.40219.1
Project("{FAE04EC0-301F-11D3-BF4B-00C04F79EFBC}") = "ConsoleApp1", "ConsoleApp1\ConsoleApp1.csproj", "{EE9B3417-D3DA-4680-97D8-227203BAE882}"
EndProject
Global
	GlobalSection(SolutionConfigurationPlatforms) = preSolution
		Debug|Any CPU = Debug|Any CPU
		Release|Any CPU = Release|Any CPU
	EndGlobalSection
	GlobalSection(ProjectConfigurationPlatforms) = postSolution
		{EE9B3417-D3DA-4680-97D8-227203BAE882}.Debug|Any CPU.ActiveCfg = Debug|Any CPU
		{EE9B3417-D3DA-4680-97D8-227203BAE882}.Debug|Any CPU.Build.0 = Debug|Any CPU
		{EE9B3417-D3DA-4680-97D8-227203BAE882}.Release|Any CPU.ActiveCfg = Release|Any CPU
		{EE9B3417-D3DA-4680-97D8-227203BAE882}.Release|Any CPU.Build.0 = Release|Any CPU
	EndGlobalSection
	GlobalSection(SolutionProperties) = preSolution
		HideSolutionNode = FALSE
	EndGlobalSection
	GlobalSection(ExtensibilityGlobals) = postSolution
		SolutionGuid = {72014F19-4D78-4CEA-BD53-4FD2A12AA80E}
	EndGlobalSection
EndGlobal
