
Microsoft Visual Studio Solution File, Format Version 12.00
# Visual Studio Version 17
VisualStudioVersion = 17.5.33627.172
MinimumVisualStudioVersion = 10.0.40219.1
Project("{FAE04EC0-301F-11D3-BF4B-00C04F79EFBC}") = "ConsoleApp1", "ConsoleApp1\ConsoleApp1.csproj", "{BF8AFAE2-86E2-42EA-907B-5EF490E9245E}"
EndProject
Global
	GlobalSection(SolutionConfigurationPlatforms) = preSolution
		Debug|Any CPU = Debug|Any CPU
		Release|Any CPU = Release|Any CPU
	EndGlobalSection
	GlobalSection(ProjectConfigurationPlatforms) = postSolution
		{BF8AFAE2-86E2-42EA-907B-5EF490E9245E}.Debug|Any CPU.ActiveCfg = Debug|Any CPU
		{BF8AFAE2-86E2-42EA-907B-5EF490E9245E}.Debug|Any CPU.Build.0 = Debug|Any CPU
		{BF8AFAE2-86E2-42EA-907B-5EF490E9245E}.Release|Any CPU.ActiveCfg = Release|Any CPU
		{BF8AFAE2-86E2-42EA-907B-5EF490E9245E}.Release|Any CPU.Build.0 = Release|Any CPU
	EndGlobalSection
	GlobalSection(SolutionProperties) = preSolution
		HideSolutionNode = FALSE
	EndGlobalSection
	GlobalSection(ExtensibilityGlobals) = postSolution
		SolutionGuid = {885FAACC-4842-4EEB-A307-22FB48956823}
	EndGlobalSection
EndGlobal
